
Microsoft Visual Studio Solution File, Format Version 12.00
# Visual Studio 2013
VisualStudioVersion = 12.0.40629.0
MinimumVisualStudioVersion = 10.0.40219.1
Project("{FAE04EC0-301F-11D3-BF4B-00C04F79EFBC}") = "NetDataCollector", "DataCollectors\NetDataCollector.csproj", "{3A9DC8ED-72E7-455F-A501-5D1260CCAAF5}"
EndProject
Project("{FAE04EC0-301F-11D3-BF4B-00C04F79EFBC}") = "HostDataCollector", "HostDataCollector\HostDataCollector.csproj", "{95455F98-92DC-47A2-9159-72E0FCF918A2}"
EndProject
Project("{2150E333-8FDC-42A3-9474-1A3956D46DE8}") = "Solution Items", "Solution Items", "{89FC9F85-F13F-487F-A01B-C69358A435EE}"
	ProjectSection(SolutionItems) = preProject
		Performance1.psess = Performance1.psess
	EndProjectSection
EndProject
Project("{FAE04EC0-301F-11D3-BF4B-00C04F79EFBC}") = "ConnectionChannelLib", "ConnectionChannel\ConnectionChannelLib.csproj", "{B357E6B3-2D36-442F-A04A-E3144B3A1C3D}"
EndProject
Global
	GlobalSection(SolutionConfigurationPlatforms) = preSolution
		Debug|Any CPU = Debug|Any CPU
		Release|Any CPU = Release|Any CPU
	EndGlobalSection
	GlobalSection(ProjectConfigurationPlatforms) = postSolution
		{3A9DC8ED-72E7-455F-A501-5D1260CCAAF5}.Debug|Any CPU.ActiveCfg = Debug|Any CPU
		{3A9DC8ED-72E7-455F-A501-5D1260CCAAF5}.Debug|Any CPU.Build.0 = Debug|Any CPU
		{3A9DC8ED-72E7-455F-A501-5D1260CCAAF5}.Release|Any CPU.ActiveCfg = Release|Any CPU
		{3A9DC8ED-72E7-455F-A501-5D1260CCAAF5}.Release|Any CPU.Build.0 = Release|Any CPU
		{95455F98-92DC-47A2-9159-72E0FCF918A2}.Debug|Any CPU.ActiveCfg = Debug|Any CPU
		{95455F98-92DC-47A2-9159-72E0FCF918A2}.Debug|Any CPU.Build.0 = Debug|Any CPU
		{95455F98-92DC-47A2-9159-72E0FCF918A2}.Release|Any CPU.ActiveCfg = Release|Any CPU
		{95455F98-92DC-47A2-9159-72E0FCF918A2}.Release|Any CPU.Build.0 = Release|Any CPU
		{B357E6B3-2D36-442F-A04A-E3144B3A1C3D}.Debug|Any CPU.ActiveCfg = Debug|Any CPU
		{B357E6B3-2D36-442F-A04A-E3144B3A1C3D}.Debug|Any CPU.Build.0 = Debug|Any CPU
		{B357E6B3-2D36-442F-A04A-E3144B3A1C3D}.Release|Any CPU.ActiveCfg = Release|Any CPU
		{B357E6B3-2D36-442F-A04A-E3144B3A1C3D}.Release|Any CPU.Build.0 = Release|Any CPU
	EndGlobalSection
	GlobalSection(SolutionProperties) = preSolution
		HideSolutionNode = FALSE
	EndGlobalSection
	GlobalSection(NestedProjects) = preSolution
		{B357E6B3-2D36-442F-A04A-E3144B3A1C3D} = {89FC9F85-F13F-487F-A01B-C69358A435EE}
	EndGlobalSection
	GlobalSection(Performance) = preSolution
		HasPerformanceSessions = true
	EndGlobalSection
EndGlobal
