
Microsoft Visual Studio Solution File, Format Version 12.00
# Visual Studio 2013
VisualStudioVersion = 12.0.40629.0
MinimumVisualStudioVersion = 10.0.40219.1
Project("{FAE04EC0-301F-11D3-BF4B-00C04F79EFBC}") = "AnalyzerTest", "AnalyzerTest\AnalyzerTest.csproj", "{D6844EAC-F6ED-4E2B-8694-A34052463D61}"
EndProject
Project("{FAE04EC0-301F-11D3-BF4B-00C04F79EFBC}") = "AnalyzerService", "AnalyzerService\AnalyzerService.csproj", "{508A01BA-179D-4221-8979-536C6D217FA0}"
EndProject
Project("{FAE04EC0-301F-11D3-BF4B-00C04F79EFBC}") = "AnalyzerServ.Contract", "AnalyzerService.Contract\AnalyzerServ.Contract.csproj", "{C71E677A-F706-4480-9419-B9BE2EDC5299}"
EndProject
Project("{FAE04EC0-301F-11D3-BF4B-00C04F79EFBC}") = "AnalyzerLibrary", "AnalyzerLibrary\AnalyzerLibrary.csproj", "{9463085A-B27E-4BC8-A95C-800168BB9680}"
EndProject
Global
	GlobalSection(SolutionConfigurationPlatforms) = preSolution
		Debug|Any CPU = Debug|Any CPU
		Release|Any CPU = Release|Any CPU
	EndGlobalSection
	GlobalSection(ProjectConfigurationPlatforms) = postSolution
		{D6844EAC-F6ED-4E2B-8694-A34052463D61}.Debug|Any CPU.ActiveCfg = Debug|Any CPU
		{D6844EAC-F6ED-4E2B-8694-A34052463D61}.Debug|Any CPU.Build.0 = Debug|Any CPU
		{D6844EAC-F6ED-4E2B-8694-A34052463D61}.Release|Any CPU.ActiveCfg = Release|Any CPU
		{D6844EAC-F6ED-4E2B-8694-A34052463D61}.Release|Any CPU.Build.0 = Release|Any CPU
		{508A01BA-179D-4221-8979-536C6D217FA0}.Debug|Any CPU.ActiveCfg = Debug|Any CPU
		{508A01BA-179D-4221-8979-536C6D217FA0}.Debug|Any CPU.Build.0 = Debug|Any CPU
		{508A01BA-179D-4221-8979-536C6D217FA0}.Release|Any CPU.ActiveCfg = Release|Any CPU
		{508A01BA-179D-4221-8979-536C6D217FA0}.Release|Any CPU.Build.0 = Release|Any CPU
		{C71E677A-F706-4480-9419-B9BE2EDC5299}.Debug|Any CPU.ActiveCfg = Debug|Any CPU
		{C71E677A-F706-4480-9419-B9BE2EDC5299}.Debug|Any CPU.Build.0 = Debug|Any CPU
		{C71E677A-F706-4480-9419-B9BE2EDC5299}.Release|Any CPU.ActiveCfg = Release|Any CPU
		{C71E677A-F706-4480-9419-B9BE2EDC5299}.Release|Any CPU.Build.0 = Release|Any CPU
		{9463085A-B27E-4BC8-A95C-800168BB9680}.Debug|Any CPU.ActiveCfg = Debug|Any CPU
		{9463085A-B27E-4BC8-A95C-800168BB9680}.Debug|Any CPU.Build.0 = Debug|Any CPU
		{9463085A-B27E-4BC8-A95C-800168BB9680}.Release|Any CPU.ActiveCfg = Release|Any CPU
		{9463085A-B27E-4BC8-A95C-800168BB9680}.Release|Any CPU.Build.0 = Release|Any CPU
	EndGlobalSection
	GlobalSection(SolutionProperties) = preSolution
		HideSolutionNode = FALSE
	EndGlobalSection
EndGlobal
